
Microsoft Visual Studio Solution File, Format Version 12.00
# Visual Studio 15
VisualStudioVersion = 15.0.28307.329
MinimumVisualStudioVersion = 10.0.40219.1
Project("{8BC9CEB8-8B4A-11D0-8D11-00A0C91BC942}") = "Sorting", "Sorting\Sorting.vcxproj", "{01EDEFBB-AACC-4D58-8D67-1501CA13F7B4}"
EndProject
Project("{8BC9CEB8-8B4A-11D0-8D11-00A0C91BC942}") = "SortingAlgorithms", "SortingAlgorithms\SortingAlgorithms.vcxproj", "{BF419E14-F748-4BD0-9DFE-5FECD45F73B4}"
EndProject
Project("{8BC9CEB8-8B4A-11D0-8D11-00A0C91BC942}") = "DataStructures", "DataStructures\DataStructures.vcxproj", "{5D04B29D-6C9E-4136-AD84-B085BD0C8F59}"
EndProject
Project("{8BC9CEB8-8B4A-11D0-8D11-00A0C91BC942}") = "DataStructuresTest", "DataStructuresTest\DataStructuresTest.vcxproj", "{14C01928-D4A3-4B26-A72A-55A6D1A94755}"
EndProject
Global
	GlobalSection(SolutionConfigurationPlatforms) = preSolution
		Debug|Win32 = Debug|Win32
		Debug|x64 = Debug|x64
		Release|Win32 = Release|Win32
		Release|x64 = Release|x64
	EndGlobalSection
	GlobalSection(ProjectConfigurationPlatforms) = postSolution
		{01EDEFBB-AACC-4D58-8D67-1501CA13F7B4}.Debug|Win32.ActiveCfg = Debug|Win32
		{01EDEFBB-AACC-4D58-8D67-1501CA13F7B4}.Debug|Win32.Build.0 = Debug|Win32
		{01EDEFBB-AACC-4D58-8D67-1501CA13F7B4}.Debug|x64.ActiveCfg = Debug|x64
		{01EDEFBB-AACC-4D58-8D67-1501CA13F7B4}.Debug|x64.Build.0 = Debug|x64
		{01EDEFBB-AACC-4D58-8D67-1501CA13F7B4}.Release|Win32.ActiveCfg = Release|Win32
		{01EDEFBB-AACC-4D58-8D67-1501CA13F7B4}.Release|Win32.Build.0 = Release|Win32
		{01EDEFBB-AACC-4D58-8D67-1501CA13F7B4}.Release|x64.ActiveCfg = Release|x64
		{01EDEFBB-AACC-4D58-8D67-1501CA13F7B4}.Release|x64.Build.0 = Release|x64
		{BF419E14-F748-4BD0-9DFE-5FECD45F73B4}.Debug|Win32.ActiveCfg = Debug|Win32
		{BF419E14-F748-4BD0-9DFE-5FECD45F73B4}.Debug|Win32.Build.0 = Debug|Win32
		{BF419E14-F748-4BD0-9DFE-5FECD45F73B4}.Debug|x64.ActiveCfg = Debug|x64
		{BF419E14-F748-4BD0-9DFE-5FECD45F73B4}.Debug|x64.Build.0 = Debug|x64
		{BF419E14-F748-4BD0-9DFE-5FECD45F73B4}.Release|Win32.ActiveCfg = Release|Win32
		{BF419E14-F748-4BD0-9DFE-5FECD45F73B4}.Release|Win32.Build.0 = Release|Win32
		{BF419E14-F748-4BD0-9DFE-5FECD45F73B4}.Release|x64.ActiveCfg = Release|x64
		{BF419E14-F748-4BD0-9DFE-5FECD45F73B4}.Release|x64.Build.0 = Release|x64
		{5D04B29D-6C9E-4136-AD84-B085BD0C8F59}.Debug|Win32.ActiveCfg = Debug|Win32
		{5D04B29D-6C9E-4136-AD84-B085BD0C8F59}.Debug|Win32.Build.0 = Debug|Win32
		{5D04B29D-6C9E-4136-AD84-B085BD0C8F59}.Debug|x64.ActiveCfg = Debug|x64
		{5D04B29D-6C9E-4136-AD84-B085BD0C8F59}.Debug|x64.Build.0 = Debug|x64
		{5D04B29D-6C9E-4136-AD84-B085BD0C8F59}.Release|Win32.ActiveCfg = Release|Win32
		{5D04B29D-6C9E-4136-AD84-B085BD0C8F59}.Release|Win32.Build.0 = Release|Win32
		{5D04B29D-6C9E-4136-AD84-B085BD0C8F59}.Release|x64.ActiveCfg = Release|x64
		{5D04B29D-6C9E-4136-AD84-B085BD0C8F59}.Release|x64.Build.0 = Release|x64
		{14C01928-D4A3-4B26-A72A-55A6D1A94755}.Debug|Win32.ActiveCfg = Debug|Win32
		{14C01928-D4A3-4B26-A72A-55A6D1A94755}.Debug|Win32.Build.0 = Debug|Win32
		{14C01928-D4A3-4B26-A72A-55A6D1A94755}.Debug|x64.ActiveCfg = Debug|x64
		{14C01928-D4A3-4B26-A72A-55A6D1A94755}.Debug|x64.Build.0 = Debug|x64
		{14C01928-D4A3-4B26-A72A-55A6D1A94755}.Release|Win32.ActiveCfg = Release|Win32
		{14C01928-D4A3-4B26-A72A-55A6D1A94755}.Release|Win32.Build.0 = Release|Win32
		{14C01928-D4A3-4B26-A72A-55A6D1A94755}.Release|x64.ActiveCfg = Release|x64
		{14C01928-D4A3-4B26-A72A-55A6D1A94755}.Release|x64.Build.0 = Release|x64
	EndGlobalSection
	GlobalSection(SolutionProperties) = preSolution
		HideSolutionNode = FALSE
	EndGlobalSection
	GlobalSection(ExtensibilityGlobals) = postSolution
		SolutionGuid = {49388C22-B460-4DE1-A4B4-EB48DE8AC247}
	EndGlobalSection
EndGlobal
