
Microsoft Visual Studio Solution File, Format Version 11.00
# Visual Studio 2010
Project("{8BC9CEB8-8B4A-11D0-8D11-00A0C91BC942}") = "Sorting", "Sorting\Sorting.vcxproj", "{01EDEFBB-AACC-4D58-8D67-1501CA13F7B4}"
EndProject
Project("{8BC9CEB8-8B4A-11D0-8D11-00A0C91BC942}") = "SortingAlgorithms", "SortingAlgorithms\SortingAlgorithms.vcxproj", "{BF419E14-F748-4BD0-9DFE-5FECD45F73B4}"
EndProject
Global
	GlobalSection(SolutionConfigurationPlatforms) = preSolution
		Debug|Win32 = Debug|Win32
		Release|Win32 = Release|Win32
	EndGlobalSection
	GlobalSection(ProjectConfigurationPlatforms) = postSolution
		{01EDEFBB-AACC-4D58-8D67-1501CA13F7B4}.Debug|Win32.ActiveCfg = Debug|Win32
		{01EDEFBB-AACC-4D58-8D67-1501CA13F7B4}.Debug|Win32.Build.0 = Debug|Win32
		{01EDEFBB-AACC-4D58-8D67-1501CA13F7B4}.Release|Win32.ActiveCfg = Release|Win32
		{01EDEFBB-AACC-4D58-8D67-1501CA13F7B4}.Release|Win32.Build.0 = Release|Win32
		{BF419E14-F748-4BD0-9DFE-5FECD45F73B4}.Debug|Win32.ActiveCfg = Debug|Win32
		{BF419E14-F748-4BD0-9DFE-5FECD45F73B4}.Debug|Win32.Build.0 = Debug|Win32
		{BF419E14-F748-4BD0-9DFE-5FECD45F73B4}.Release|Win32.ActiveCfg = Release|Win32
		{BF419E14-F748-4BD0-9DFE-5FECD45F73B4}.Release|Win32.Build.0 = Release|Win32
	EndGlobalSection
	GlobalSection(SolutionProperties) = preSolution
		HideSolutionNode = FALSE
	EndGlobalSection
EndGlobal
